
Microsoft Visual Studio Solution File, Format Version 12.00
# Visual Studio 15
VisualStudioVersion = 15.0.27428.2015
MinimumVisualStudioVersion = 10.0.40219.1
Project("{FAE04EC0-301F-11D3-BF4B-00C04F79EFBC}") = "Tarea 7", "Tarea 7\Tarea 7.csproj", "{4D0D2416-2C09-45E1-8534-613AD2C76227}"
EndProject
Global
	GlobalSection(SolutionConfigurationPlatforms) = preSolution
		Debug|Any CPU = Debug|Any CPU
		Release|Any CPU = Release|Any CPU
	EndGlobalSection
	GlobalSection(ProjectConfigurationPlatforms) = postSolution
		{4D0D2416-2C09-45E1-8534-613AD2C76227}.Debug|Any CPU.ActiveCfg = Debug|Any CPU
		{4D0D2416-2C09-45E1-8534-613AD2C76227}.Debug|Any CPU.Build.0 = Debug|Any CPU
		{4D0D2416-2C09-45E1-8534-613AD2C76227}.Release|Any CPU.ActiveCfg = Release|Any CPU
		{4D0D2416-2C09-45E1-8534-613AD2C76227}.Release|Any CPU.Build.0 = Release|Any CPU
	EndGlobalSection
	GlobalSection(SolutionProperties) = preSolution
		HideSolutionNode = FALSE
	EndGlobalSection
	GlobalSection(ExtensibilityGlobals) = postSolution
		SolutionGuid = {704E3D82-A735-4E1F-B32C-EED4A103C23E}
	EndGlobalSection
EndGlobal
